
Microsoft Visual Studio Solution File, Format Version 12.00
# Visual Studio Version 17
VisualStudioVersion = 17.13.35825.156
MinimumVisualStudioVersion = 10.0.40219.1
Project("{8BC9CEB8-8B4A-11D0-8D11-00A0C91BC942}") = "bin", "bin.2022.vcxproj", "{E7BAA8B6-20ED-4599-84E2-14877E366C82}"
EndProject
Project("{8BC9CEB8-8B4A-11D0-8D11-00A0C91BC942}") = "lib", "lib.2022.vcxproj", "{E35739EE-92BE-4A9B-AAF1-9EFEBA33AB8A}"
EndProject
Global
	GlobalSection(SolutionConfigurationPlatforms) = preSolution
		Debug|x64 = Debug|x64
		Debug|x86 = Debug|x86
		Release|x64 = Release|x64
		Release|x86 = Release|x86
	EndGlobalSection
	GlobalSection(ProjectConfigurationPlatforms) = postSolution
		{E7BAA8B6-20ED-4599-84E2-14877E366C82}.Debug|x64.ActiveCfg = Debug|x64
		{E7BAA8B6-20ED-4599-84E2-14877E366C82}.Debug|x64.Build.0 = Debug|x64
		{E7BAA8B6-20ED-4599-84E2-14877E366C82}.Debug|x86.ActiveCfg = Debug|Win32
		{E7BAA8B6-20ED-4599-84E2-14877E366C82}.Debug|x86.Build.0 = Debug|Win32
		{E7BAA8B6-20ED-4599-84E2-14877E366C82}.Release|x64.ActiveCfg = Release|x64
		{E7BAA8B6-20ED-4599-84E2-14877E366C82}.Release|x64.Build.0 = Release|x64
		{E7BAA8B6-20ED-4599-84E2-14877E366C82}.Release|x86.ActiveCfg = Release|Win32
		{E7BAA8B6-20ED-4599-84E2-14877E366C82}.Release|x86.Build.0 = Release|Win32
		{E35739EE-92BE-4A9B-AAF1-9EFEBA33AB8A}.Debug|x64.ActiveCfg = Debug|x64
		{E35739EE-92BE-4A9B-AAF1-9EFEBA33AB8A}.Debug|x64.Build.0 = Debug|x64
		{E35739EE-92BE-4A9B-AAF1-9EFEBA33AB8A}.Debug|x86.ActiveCfg = Debug|Win32
		{E35739EE-92BE-4A9B-AAF1-9EFEBA33AB8A}.Debug|x86.Build.0 = Debug|Win32
		{E35739EE-92BE-4A9B-AAF1-9EFEBA33AB8A}.Release|x64.ActiveCfg = Release|x64
		{E35739EE-92BE-4A9B-AAF1-9EFEBA33AB8A}.Release|x64.Build.0 = Release|x64
		{E35739EE-92BE-4A9B-AAF1-9EFEBA33AB8A}.Release|x86.ActiveCfg = Release|Win32
		{E35739EE-92BE-4A9B-AAF1-9EFEBA33AB8A}.Release|x86.Build.0 = Release|Win32
	EndGlobalSection
	GlobalSection(SolutionProperties) = preSolution
		HideSolutionNode = FALSE
	EndGlobalSection
	GlobalSection(ExtensibilityGlobals) = postSolution
		SolutionGuid = {BBE972ED-A7AB-42C1-AE01-2344CCBAD221}
	EndGlobalSection
EndGlobal
